<?xml version="1.0" encoding="UTF-8"?>
<Scheme
   version = "1.3">
   <BuildAction>
      <BuildActionEntries>
         <BuildActionEntry
            buildForRunning = "YES"
            buildForTesting = "YES">
            <BuildableReference
               BuildableIdentifier = "primary"
               BlueprintIdentifier = "4D3508211CFF91D20009CB5E"
               BuildableName = "V2EXObjCTests.xctest"
               BlueprintName = "V2EXObjCTests"
               ReferencedContainer = "container:V2EXObjC.xcodeproj">
            </BuildableReference>
         </BuildActionEntry>
      </BuildActionEntries>
   </BuildAction>
   <TestAction
      buildConfiguration = "Debug">
      <Testables>
         <TestableReference>
            <BuildableReference
               BuildableIdentifier = "primary"
               BlueprintIdentifier = "4D3508211CFF91D20009CB5E"
               BuildableName = "V2EXObjCTests.xctest"
               BlueprintName = "V2EXObjCTests"
               ReferencedContainer = "container:V2EXObjC.xcodeproj">
            </BuildableReference>
         </TestableReference>
      </Testables>
   </TestAction>
   <LaunchAction
      useCustomWorkingDirectory = "NO">
   </LaunchAction>
</Scheme>
