// !$*UTF8*$!
{
	archiveVersion = 1;
	classes = {
	};
	objectVersion = 46;
	objects = {

/* Begin PBXBuildFile section */
		4D35080E1CFF91D20009CB5E /* main.m in Sources */ = {isa = PBXBuildFile; fileRef = 4D35080D1CFF91D20009CB5E /* main.m */; };
		4D3508141CFF91D20009CB5E /* ViewController.m in Sources */ = {isa = PBXBuildFile; fileRef = 4D3508131CFF91D20009CB5E /* ViewController.m */; };
		4D3508171CFF91D20009CB5E /* Main.storyboard in Resources */ = {isa = PBXBuildFile; fileRef = 4D3508151CFF91D20009CB5E /* Main.storyboard */; };
		4D35081C1CFF91D20009CB5E /* LaunchScreen.storyboard in Resources */ = {isa = PBXBuildFile; fileRef = 4D35081A1CFF91D20009CB5E /* LaunchScreen.storyboard */; };
		4D3508271CFF91D20009CB5E /* V2EXObjCTests.m in Sources */ = {isa = PBXBuildFile; fileRef = 4D3508261CFF91D20009CB5E /* V2EXObjCTests.m */; };
		4D3508341CFFA2CE0009CB5E /* AppDelegate.m in Sources */ = {isa = PBXBuildFile; fileRef = 4D3508331CFFA2CE0009CB5E /* AppDelegate.m */; };
		4D3508371CFFA3360009CB5E /* Assets.xcassets in Resources */ = {isa = PBXBuildFile; fileRef = 4D3508361CFFA3360009CB5E /* Assets.xcassets */; };
		4D3508401CFFA8C50009CB5E /* V2ONetworkHelper.m in Sources */ = {isa = PBXBuildFile; fileRef = 4D35083F1CFFA8C50009CB5E /* V2ONetworkHelper.m */; };
		4D3508431CFFA9320009CB5E /* V2ONetworkResponse.m in Sources */ = {isa = PBXBuildFile; fileRef = 4D3508421CFFA9320009CB5E /* V2ONetworkResponse.m */; };
		4D3508461CFFA9E30009CB5E /* V2ONetworkError.m in Sources */ = {isa = PBXBuildFile; fileRef = 4D3508451CFFA9E30009CB5E /* V2ONetworkError.m */; };
		4D35084B1CFFBB200009CB5E /* V2OMTLModel.m in Sources */ = {isa = PBXBuildFile; fileRef = 4D35084A1CFFBB200009CB5E /* V2OMTLModel.m */; };
		D769FCF5883CC2F951554DD7 /* Pods.framework in Frameworks */ = {isa = PBXBuildFile; fileRef = A562D753BA34C5BE699E1E69 /* Pods.framework */; settings = {ATTRIBUTES = (Weak, ); }; };
		F5C2D160E6335EA3D72E09BE /* Pods_V2EXObjCTests.framework in Frameworks */ = {isa = PBXBuildFile; fileRef = 775A0D4CD06D55F47011525D /* Pods_V2EXObjCTests.framework */; settings = {ATTRIBUTES = (Weak, ); }; };
/* End PBXBuildFile section */

/* Begin PBXContainerItemProxy section */
		4D3508231CFF91D20009CB5E /* PBXContainerItemProxy */ = {
			isa = PBXContainerItemProxy;
			containerPortal = 4D3508011CFF91D20009CB5E /* Project object */;
			proxyType = 1;
			remoteGlobalIDString = 4D3508081CFF91D20009CB5E;
			remoteInfo = V2EXObjC;
		};
/* End PBXContainerItemProxy section */

/* Begin PBXFileReference section */
		4D3508091CFF91D20009CB5E /* V2EXObjC.app */ = {isa = PBXFileReference; explicitFileType = wrapper.application; includeInIndex = 0; path = V2EXObjC.app; sourceTree = BUILT_PRODUCTS_DIR; };
		4D35080D1CFF91D20009CB5E /* main.m */ = {isa = PBXFileReference; lastKnownFileType = sourcecode.c.objc; path = main.m; sourceTree = "<group>"; };
		4D3508121CFF91D20009CB5E /* ViewController.h */ = {isa = PBXFileReference; lastKnownFileType = sourcecode.c.h; path = ViewController.h; sourceTree = "<group>"; };
		4D3508131CFF91D20009CB5E /* ViewController.m */ = {isa = PBXFileReference; lastKnownFileType = sourcecode.c.objc; path = ViewController.m; sourceTree = "<group>"; };
		4D3508161CFF91D20009CB5E /* Base */ = {isa = PBXFileReference; lastKnownFileType = file.storyboard; name = Base; path = Base.lproj/Main.storyboard; sourceTree = "<group>"; };
		4D35081B1CFF91D20009CB5E /* Base */ = {isa = PBXFileReference; lastKnownFileType = file.storyboard; name = Base; path = Base.lproj/LaunchScreen.storyboard; sourceTree = "<group>"; };
		4D35081D1CFF91D20009CB5E /* Info.plist */ = {isa = PBXFileReference; lastKnownFileType = text.plist.xml; path = Info.plist; sourceTree = "<group>"; };
		4D3508221CFF91D20009CB5E /* V2EXObjCTests.xctest */ = {isa = PBXFileReference; explicitFileType = wrapper.cfbundle; includeInIndex = 0; path = V2EXObjCTests.xctest; sourceTree = BUILT_PRODUCTS_DIR; };
		4D3508261CFF91D20009CB5E /* V2EXObjCTests.m */ = {isa = PBXFileReference; lastKnownFileType = sourcecode.c.objc; path = V2EXObjCTests.m; sourceTree = "<group>"; };
		4D3508281CFF91D20009CB5E /* Info.plist */ = {isa = PBXFileReference; lastKnownFileType = text.plist.xml; path = Info.plist; sourceTree = "<group>"; };
		4D3508321CFFA2CE0009CB5E /* AppDelegate.h */ = {isa = PBXFileReference; fileEncoding = 4; lastKnownFileType = sourcecode.c.h; path = AppDelegate.h; sourceTree = "<group>"; };
		4D3508331CFFA2CE0009CB5E /* AppDelegate.m */ = {isa = PBXFileReference; fileEncoding = 4; lastKnownFileType = sourcecode.c.objc; path = AppDelegate.m; sourceTree = "<group>"; };
		4D3508361CFFA3360009CB5E /* Assets.xcassets */ = {isa = PBXFileReference; lastKnownFileType = folder.assetcatalog; path = Assets.xcassets; sourceTree = "<group>"; };
		4D35083D1CFFA83F0009CB5E /* V2ONetworkAPI.h */ = {isa = PBXFileReference; lastKnownFileType = sourcecode.c.h; path = V2ONetworkAPI.h; sourceTree = "<group>"; };
		4D35083E1CFFA8C50009CB5E /* V2ONetworkHelper.h */ = {isa = PBXFileReference; fileEncoding = 4; lastKnownFileType = sourcecode.c.h; path = V2ONetworkHelper.h; sourceTree = "<group>"; };
		4D35083F1CFFA8C50009CB5E /* V2ONetworkHelper.m */ = {isa = PBXFileReference; fileEncoding = 4; lastKnownFileType = sourcecode.c.objc; path = V2ONetworkHelper.m; sourceTree = "<group>"; };
		4D3508411CFFA9320009CB5E /* V2ONetworkResponse.h */ = {isa = PBXFileReference; fileEncoding = 4; lastKnownFileType = sourcecode.c.h; path = V2ONetworkResponse.h; sourceTree = "<group>"; };
		4D3508421CFFA9320009CB5E /* V2ONetworkResponse.m */ = {isa = PBXFileReference; fileEncoding = 4; lastKnownFileType = sourcecode.c.objc; path = V2ONetworkResponse.m; sourceTree = "<group>"; };
		4D3508441CFFA9E30009CB5E /* V2ONetworkError.h */ = {isa = PBXFileReference; fileEncoding = 4; lastKnownFileType = sourcecode.c.h; path = V2ONetworkError.h; sourceTree = "<group>"; };
		4D3508451CFFA9E30009CB5E /* V2ONetworkError.m */ = {isa = PBXFileReference; fileEncoding = 4; lastKnownFileType = sourcecode.c.objc; path = V2ONetworkError.m; sourceTree = "<group>"; };
		4D3508471CFFB9600009CB5E /* V2EXObjC-Prefix.pch */ = {isa = PBXFileReference; lastKnownFileType = sourcecode.c.h; path = "V2EXObjC-Prefix.pch"; sourceTree = "<group>"; };
		4D3508491CFFBB200009CB5E /* V2OMTLModel.h */ = {isa = PBXFileReference; fileEncoding = 4; lastKnownFileType = sourcecode.c.h; path = V2OMTLModel.h; sourceTree = "<group>"; };
		4D35084A1CFFBB200009CB5E /* V2OMTLModel.m */ = {isa = PBXFileReference; fileEncoding = 4; lastKnownFileType = sourcecode.c.objc; path = V2OMTLModel.m; sourceTree = "<group>"; };
		507FCE44B1E0C293E102EA5B /* Pods.debug.xcconfig */ = {isa = PBXFileReference; includeInIndex = 1; lastKnownFileType = text.xcconfig; name = Pods.debug.xcconfig; path = "Pods/Target Support Files/Pods/Pods.debug.xcconfig"; sourceTree = "<group>"; };
		775A0D4CD06D55F47011525D /* Pods_V2EXObjCTests.framework */ = {isa = PBXFileReference; explicitFileType = wrapper.framework; includeInIndex = 0; path = Pods_V2EXObjCTests.framework; sourceTree = BUILT_PRODUCTS_DIR; };
		9FE175182ACA1598A0A90A94 /* Pods-V2EXObjCTests.debug.xcconfig */ = {isa = PBXFileReference; includeInIndex = 1; lastKnownFileType = text.xcconfig; name = "Pods-V2EXObjCTests.debug.xcconfig"; path = "Pods/Target Support Files/Pods-V2EXObjCTests/Pods-V2EXObjCTests.debug.xcconfig"; sourceTree = "<group>"; };
		A37C89EE6ADD9E9C2FE1073E /* Pods.release.xcconfig */ = {isa = PBXFileReference; includeInIndex = 1; lastKnownFileType = text.xcconfig; name = Pods.release.xcconfig; path = "Pods/Target Support Files/Pods/Pods.release.xcconfig"; sourceTree = "<group>"; };
		A562D753BA34C5BE699E1E69 /* Pods.framework */ = {isa = PBXFileReference; explicitFileType = wrapper.framework; includeInIndex = 0; path = Pods.framework; sourceTree = BUILT_PRODUCTS_DIR; };
		EA28A749A0431E430CE4C252 /* Pods-V2EXObjCTests.release.xcconfig */ = {isa = PBXFileReference; includeInIndex = 1; lastKnownFileType = text.xcconfig; name = "Pods-V2EXObjCTests.release.xcconfig"; path = "Pods/Target Support Files/Pods-V2EXObjCTests/Pods-V2EXObjCTests.release.xcconfig"; sourceTree = "<group>"; };
/* End PBXFileReference section */

/* Begin PBXFrameworksBuildPhase section */
		4D3508061CFF91D20009CB5E /* Frameworks */ = {
			isa = PBXFrameworksBuildPhase;
			buildActionMask = 2147483647;
			files = (
				D769FCF5883CC2F951554DD7 /* Pods.framework in Frameworks */,
			);
			runOnlyForDeploymentPostprocessing = 0;
		};
		4D35081F1CFF91D20009CB5E /* Frameworks */ = {
			isa = PBXFrameworksBuildPhase;
			buildActionMask = 2147483647;
			files = (
				F5C2D160E6335EA3D72E09BE /* Pods_V2EXObjCTests.framework in Frameworks */,
			);
			runOnlyForDeploymentPostprocessing = 0;
		};
/* End PBXFrameworksBuildPhase section */

/* Begin PBXGroup section */
		493A7BF0A533FBEC89E73340 /* Pods */ = {
			isa = PBXGroup;
			children = (
				9FE175182ACA1598A0A90A94 /* Pods-V2EXObjCTests.debug.xcconfig */,
				EA28A749A0431E430CE4C252 /* Pods-V2EXObjCTests.release.xcconfig */,
				507FCE44B1E0C293E102EA5B /* Pods.debug.xcconfig */,
				A37C89EE6ADD9E9C2FE1073E /* Pods.release.xcconfig */,
			);
			name = Pods;
			sourceTree = "<group>";
		};
		4D3508001CFF91D20009CB5E = {
			isa = PBXGroup;
			children = (
				4D35080B1CFF91D20009CB5E /* V2EXObjC */,
				4D3508251CFF91D20009CB5E /* V2EXObjCTests */,
				4D35080A1CFF91D20009CB5E /* Products */,
				493A7BF0A533FBEC89E73340 /* Pods */,
				6535778E8CBF1C1FBC525994 /* Frameworks */,
			);
			sourceTree = "<group>";
		};
		4D35080A1CFF91D20009CB5E /* Products */ = {
			isa = PBXGroup;
			children = (
				4D3508091CFF91D20009CB5E /* V2EXObjC.app */,
				4D3508221CFF91D20009CB5E /* V2EXObjCTests.xctest */,
			);
			name = Products;
			sourceTree = "<group>";
		};
		4D35080B1CFF91D20009CB5E /* V2EXObjC */ = {
			isa = PBXGroup;
			children = (
				4D3508311CFFA2CE0009CB5E /* Application */,
				4D3508391CFFA6980009CB5E /* Classes */,
				4D3508351CFFA3360009CB5E /* Resources */,
				4D3508121CFF91D20009CB5E /* ViewController.h */,
				4D3508131CFF91D20009CB5E /* ViewController.m */,
				4D3508151CFF91D20009CB5E /* Main.storyboard */,
				4D35081A1CFF91D20009CB5E /* LaunchScreen.storyboard */,
				4D35080C1CFF91D20009CB5E /* Supporting Files */,
			);
			path = V2EXObjC;
			sourceTree = "<group>";
		};
		4D35080C1CFF91D20009CB5E /* Supporting Files */ = {
			isa = PBXGroup;
			children = (
				4D35080D1CFF91D20009CB5E /* main.m */,
			);
			name = "Supporting Files";
			sourceTree = "<group>";
		};
		4D3508251CFF91D20009CB5E /* V2EXObjCTests */ = {
			isa = PBXGroup;
			children = (
				4D3508261CFF91D20009CB5E /* V2EXObjCTests.m */,
				4D3508281CFF91D20009CB5E /* Info.plist */,
			);
			path = V2EXObjCTests;
			sourceTree = "<group>";
		};
		4D3508311CFFA2CE0009CB5E /* Application */ = {
			isa = PBXGroup;
			children = (
				4D3508321CFFA2CE0009CB5E /* AppDelegate.h */,
				4D3508331CFFA2CE0009CB5E /* AppDelegate.m */,
				4D35081D1CFF91D20009CB5E /* Info.plist */,
				4D3508471CFFB9600009CB5E /* V2EXObjC-Prefix.pch */,
			);
			path = Application;
			sourceTree = "<group>";
		};
		4D3508351CFFA3360009CB5E /* Resources */ = {
			isa = PBXGroup;
			children = (
				4D3508361CFFA3360009CB5E /* Assets.xcassets */,
			);
			path = Resources;
			sourceTree = "<group>";
		};
		4D3508391CFFA6980009CB5E /* Classes */ = {
			isa = PBXGroup;
			children = (
				4D35083A1CFFA6980009CB5E /* Common */,
				4D35083B1CFFA6980009CB5E /* Modules */,
			);
			path = Classes;
			sourceTree = "<group>";
		};
		4D35083A1CFFA6980009CB5E /* Common */ = {
			isa = PBXGroup;
			children = (
				4D3508481CFFBB060009CB5E /* Model */,
				4D35083C1CFFA7FF0009CB5E /* Network */,
			);
			path = Common;
			sourceTree = "<group>";
		};
		4D35083B1CFFA6980009CB5E /* Modules */ = {
			isa = PBXGroup;
			children = (
			);
			path = Modules;
			sourceTree = "<group>";
		};
		4D35083C1CFFA7FF0009CB5E /* Network */ = {
			isa = PBXGroup;
			children = (
				4D35083D1CFFA83F0009CB5E /* V2ONetworkAPI.h */,
				4D35083E1CFFA8C50009CB5E /* V2ONetworkHelper.h */,
				4D35083F1CFFA8C50009CB5E /* V2ONetworkHelper.m */,
				4D3508411CFFA9320009CB5E /* V2ONetworkResponse.h */,
				4D3508421CFFA9320009CB5E /* V2ONetworkResponse.m */,
				4D3508441CFFA9E30009CB5E /* V2ONetworkError.h */,
				4D3508451CFFA9E30009CB5E /* V2ONetworkError.m */,
			);
			path = Network;
			sourceTree = "<group>";
		};
		4D3508481CFFBB060009CB5E /* Model */ = {
			isa = PBXGroup;
			children = (
				4D3508491CFFBB200009CB5E /* V2OMTLModel.h */,
				4D35084A1CFFBB200009CB5E /* V2OMTLModel.m */,
			);
			path = Model;
			sourceTree = "<group>";
		};
		6535778E8CBF1C1FBC525994 /* Frameworks */ = {
			isa = PBXGroup;
			children = (
				A562D753BA34C5BE699E1E69 /* Pods.framework */,
				775A0D4CD06D55F47011525D /* Pods_V2EXObjCTests.framework */,
			);
			name = Frameworks;
			sourceTree = "<group>";
		};
/* End PBXGroup section */

/* Begin PBXNativeTarget section */
		4D3508081CFF91D20009CB5E /* V2EXObjC */ = {
			isa = PBXNativeTarget;
			buildConfigurationList = 4D35082B1CFF91D20009CB5E /* Build configuration list for PBXNativeTarget "V2EXObjC" */;
			buildPhases = (
				92F1ECECFEC7F57A525C382A /* Check Pods Manifest.lock */,
				4D3508051CFF91D20009CB5E /* Sources */,
				4D3508061CFF91D20009CB5E /* Frameworks */,
				4D3508071CFF91D20009CB5E /* Resources */,
				EE5E5261E6106CCD1BAE4458 /* Embed Pods Frameworks */,
				CF0D7E1A452D99FA4B88CBAB /* Copy Pods Resources */,
			);
			buildRules = (
			);
			dependencies = (
			);
			name = V2EXObjC;
			productName = V2EXObjC;
			productReference = 4D3508091CFF91D20009CB5E /* V2EXObjC.app */;
			productType = "com.apple.product-type.application";
		};
		4D3508211CFF91D20009CB5E /* V2EXObjCTests */ = {
			isa = PBXNativeTarget;
			buildConfigurationList = 4D35082E1CFF91D20009CB5E /* Build configuration list for PBXNativeTarget "V2EXObjCTests" */;
			buildPhases = (
				63BC06ECE4166CF703C32343 /* Check Pods Manifest.lock */,
				4D35081E1CFF91D20009CB5E /* Sources */,
				4D35081F1CFF91D20009CB5E /* Frameworks */,
				4D3508201CFF91D20009CB5E /* Resources */,
				90D4491A368622F7B25BB4AE /* Copy Pods Resources */,
				FD2D0C3A36E42BF6B654E897 /* Embed Pods Frameworks */,
			);
			buildRules = (
			);
			dependencies = (
				4D3508241CFF91D20009CB5E /* PBXTargetDependency */,
			);
			name = V2EXObjCTests;
			productName = V2EXObjCTests;
			productReference = 4D3508221CFF91D20009CB5E /* V2EXObjCTests.xctest */;
			productType = "com.apple.product-type.bundle.unit-test";
		};
/* End PBXNativeTarget section */

/* Begin PBXProject section */
		4D3508011CFF91D20009CB5E /* Project object */ = {
			isa = PBXProject;
			attributes = {
				CLASSPREFIX = V2O;
				LastUpgradeCheck = 0730;
				ORGANIZATIONNAME = "Yang Li";
				TargetAttributes = {
					4D3508081CFF91D20009CB5E = {
						CreatedOnToolsVersion = 7.3.1;
					};
					4D3508211CFF91D20009CB5E = {
						CreatedOnToolsVersion = 7.3.1;
						TestTargetID = 4D3508081CFF91D20009CB5E;
					};
				};
			};
			buildConfigurationList = 4D3508041CFF91D20009CB5E /* Build configuration list for PBXProject "V2EXObjC" */;
			compatibilityVersion = "Xcode 3.2";
			developmentRegion = English;
			hasScannedForEncodings = 0;
			knownRegions = (
				en,
				Base,
			);
			mainGroup = 4D3508001CFF91D20009CB5E;
			productRefGroup = 4D35080A1CFF91D20009CB5E /* Products */;
			projectDirPath = "";
			projectRoot = "";
			targets = (
				4D3508081CFF91D20009CB5E /* V2EXObjC */,
				4D3508211CFF91D20009CB5E /* V2EXObjCTests */,
			);
		};
/* End PBXProject section */

/* Begin PBXResourcesBuildPhase section */
		4D3508071CFF91D20009CB5E /* Resources */ = {
			isa = PBXResourcesBuildPhase;
			buildActionMask = 2147483647;
			files = (
				4D35081C1CFF91D20009CB5E /* LaunchScreen.storyboard in Resources */,
				4D3508371CFFA3360009CB5E /* Assets.xcassets in Resources */,
				4D3508171CFF91D20009CB5E /* Main.storyboard in Resources */,
			);
			runOnlyForDeploymentPostprocessing = 0;
		};
		4D3508201CFF91D20009CB5E /* Resources */ = {
			isa = PBXResourcesBuildPhase;
			buildActionMask = 2147483647;
			files = (
			);
			runOnlyForDeploymentPostprocessing = 0;
		};
/* End PBXResourcesBuildPhase section */

/* Begin PBXShellScriptBuildPhase section */
		63BC06ECE4166CF703C32343 /* Check Pods Manifest.lock */ = {
			isa = PBXShellScriptBuildPhase;
			buildActionMask = 2147483647;
			files = (
			);
			inputPaths = (
			);
			name = "Check Pods Manifest.lock";
			outputPaths = (
			);
			runOnlyForDeploymentPostprocessing = 0;
			shellPath = /bin/sh;
			shellScript = "diff \"${PODS_ROOT}/../Podfile.lock\" \"${PODS_ROOT}/Manifest.lock\" > /dev/null\nif [[ $? != 0 ]] ; then\n    cat << EOM\nerror: The sandbox is not in sync with the Podfile.lock. Run 'pod install' or update your CocoaPods installation.\nEOM\n    exit 1\nfi\n";
			showEnvVarsInLog = 0;
		};
		90D4491A368622F7B25BB4AE /* Copy Pods Resources */ = {
			isa = PBXShellScriptBuildPhase;
			buildActionMask = 2147483647;
			files = (
			);
			inputPaths = (
			);
			name = "Copy Pods Resources";
			outputPaths = (
			);
			runOnlyForDeploymentPostprocessing = 0;
			shellPath = /bin/sh;
			shellScript = "\"${SRCROOT}/Pods/Target Support Files/Pods-V2EXObjCTests/Pods-V2EXObjCTests-resources.sh\"\n";
			showEnvVarsInLog = 0;
		};
		92F1ECECFEC7F57A525C382A /* Check Pods Manifest.lock */ = {
			isa = PBXShellScriptBuildPhase;
			buildActionMask = 2147483647;
			files = (
			);
			inputPaths = (
			);
			name = "Check Pods Manifest.lock";
			outputPaths = (
			);
			runOnlyForDeploymentPostprocessing = 0;
			shellPath = /bin/sh;
			shellScript = "diff \"${PODS_ROOT}/../Podfile.lock\" \"${PODS_ROOT}/Manifest.lock\" > /dev/null\nif [[ $? != 0 ]] ; then\n    cat << EOM\nerror: The sandbox is not in sync with the Podfile.lock. Run 'pod install' or update your CocoaPods installation.\nEOM\n    exit 1\nfi\n";
			showEnvVarsInLog = 0;
		};
		CF0D7E1A452D99FA4B88CBAB /* Copy Pods Resources */ = {
			isa = PBXShellScriptBuildPhase;
			buildActionMask = 2147483647;
			files = (
			);
			inputPaths = (
			);
			name = "Copy Pods Resources";
			outputPaths = (
			);
			runOnlyForDeploymentPostprocessing = 0;
			shellPath = /bin/sh;
			shellScript = "\"${SRCROOT}/Pods/Target Support Files/Pods/Pods-resources.sh\"\n";
			showEnvVarsInLog = 0;
		};
		EE5E5261E6106CCD1BAE4458 /* Embed Pods Frameworks */ = {
			isa = PBXShellScriptBuildPhase;
			buildActionMask = 2147483647;
			files = (
			);
			inputPaths = (
			);
			name = "Embed Pods Frameworks";
			outputPaths = (
			);
			runOnlyForDeploymentPostprocessing = 0;
			shellPath = /bin/sh;
			shellScript = "\"${SRCROOT}/Pods/Target Support Files/Pods/Pods-frameworks.sh\"\n";
			showEnvVarsInLog = 0;
		};
		FD2D0C3A36E42BF6B654E897 /* Embed Pods Frameworks */ = {
			isa = PBXShellScriptBuildPhase;
			buildActionMask = 2147483647;
			files = (
			);
			inputPaths = (
			);
			name = "Embed Pods Frameworks";
			outputPaths = (
			);
			runOnlyForDeploymentPostprocessing = 0;
			shellPath = /bin/sh;
			shellScript = "\"${SRCROOT}/Pods/Target Support Files/Pods-V2EXObjCTests/Pods-V2EXObjCTests-frameworks.sh\"\n";
			showEnvVarsInLog = 0;
		};
/* End PBXShellScriptBuildPhase section */

/* Begin PBXSourcesBuildPhase section */
		4D3508051CFF91D20009CB5E /* Sources */ = {
			isa = PBXSourcesBuildPhase;
			buildActionMask = 2147483647;
			files = (
				4D3508141CFF91D20009CB5E /* ViewController.m in Sources */,
				4D35080E1CFF91D20009CB5E /* main.m in Sources */,
				4D3508431CFFA9320009CB5E /* V2ONetworkResponse.m in Sources */,
				4D3508401CFFA8C50009CB5E /* V2ONetworkHelper.m in Sources */,
				4D35084B1CFFBB200009CB5E /* V2OMTLModel.m in Sources */,
				4D3508341CFFA2CE0009CB5E /* AppDelegate.m in Sources */,
				4D3508461CFFA9E30009CB5E /* V2ONetworkError.m in Sources */,
			);
			runOnlyForDeploymentPostprocessing = 0;
		};
		4D35081E1CFF91D20009CB5E /* Sources */ = {
			isa = PBXSourcesBuildPhase;
			buildActionMask = 2147483647;
			files = (
				4D3508271CFF91D20009CB5E /* V2EXObjCTests.m in Sources */,
			);
			runOnlyForDeploymentPostprocessing = 0;
		};
/* End PBXSourcesBuildPhase section */

/* Begin PBXTargetDependency section */
		4D3508241CFF91D20009CB5E /* PBXTargetDependency */ = {
			isa = PBXTargetDependency;
			target = 4D3508081CFF91D20009CB5E /* V2EXObjC */;
			targetProxy = 4D3508231CFF91D20009CB5E /* PBXContainerItemProxy */;
		};
/* End PBXTargetDependency section */

/* Begin PBXVariantGroup section */
		4D3508151CFF91D20009CB5E /* Main.storyboard */ = {
			isa = PBXVariantGroup;
			children = (
				4D3508161CFF91D20009CB5E /* Base */,
			);
			name = Main.storyboard;
			sourceTree = "<group>";
		};
		4D35081A1CFF91D20009CB5E /* LaunchScreen.storyboard */ = {
			isa = PBXVariantGroup;
			children = (
				4D35081B1CFF91D20009CB5E /* Base */,
			);
			name = LaunchScreen.storyboard;
			sourceTree = "<group>";
		};
/* End PBXVariantGroup section */

/* Begin XCBuildConfiguration section */
		4D3508291CFF91D20009CB5E /* Debug */ = {
			isa = XCBuildConfiguration;
			buildSettings = {
				ALWAYS_SEARCH_USER_PATHS = NO;
				CLANG_ANALYZER_NONNULL = YES;
				CLANG_CXX_LANGUAGE_STANDARD = "gnu++0x";
				CLANG_CXX_LIBRARY = "libc++";
				CLANG_ENABLE_MODULES = YES;
				CLANG_ENABLE_OBJC_ARC = YES;
				CLANG_WARN_BOOL_CONVERSION = YES;
				CLANG_WARN_CONSTANT_CONVERSION = YES;
				CLANG_WARN_DIRECT_OBJC_ISA_USAGE = YES_ERROR;
				CLANG_WARN_EMPTY_BODY = YES;
				CLANG_WARN_ENUM_CONVERSION = YES;
				CLANG_WARN_INT_CONVERSION = YES;
				CLANG_WARN_OBJC_ROOT_CLASS = YES_ERROR;
				CLANG_WARN_UNREACHABLE_CODE = YES;
				CLANG_WARN__DUPLICATE_METHOD_MATCH = YES;
				"CODE_SIGN_IDENTITY[sdk=iphoneos*]" = "iPhone Developer";
				COPY_PHASE_STRIP = NO;
				DEBUG_INFORMATION_FORMAT = dwarf;
				ENABLE_STRICT_OBJC_MSGSEND = YES;
				ENABLE_TESTABILITY = YES;
				GCC_C_LANGUAGE_STANDARD = gnu99;
				GCC_DYNAMIC_NO_PIC = NO;
				GCC_NO_COMMON_BLOCKS = YES;
				GCC_OPTIMIZATION_LEVEL = 0;
				GCC_PREPROCESSOR_DEFINITIONS = (
					"DEBUG=1",
					"$(inherited)",
				);
				GCC_WARN_64_TO_32_BIT_CONVERSION = YES;
				GCC_WARN_ABOUT_RETURN_TYPE = YES_ERROR;
				GCC_WARN_UNDECLARED_SELECTOR = YES;
				GCC_WARN_UNINITIALIZED_AUTOS = YES_AGGRESSIVE;
				GCC_WARN_UNUSED_FUNCTION = YES;
				GCC_WARN_UNUSED_VARIABLE = YES;
				IPHONEOS_DEPLOYMENT_TARGET = 9.3;
				MTL_ENABLE_DEBUG_INFO = YES;
				ONLY_ACTIVE_ARCH = YES;
				SDKROOT = iphoneos;
			};
			name = Debug;
		};
		4D35082A1CFF91D20009CB5E /* Release */ = {
			isa = XCBuildConfiguration;
			buildSettings = {
				ALWAYS_SEARCH_USER_PATHS = NO;
				CLANG_ANALYZER_NONNULL = YES;
				CLANG_CXX_LANGUAGE_STANDARD = "gnu++0x";
				CLANG_CXX_LIBRARY = "libc++";
				CLANG_ENABLE_MODULES = YES;
				CLANG_ENABLE_OBJC_ARC = YES;
				CLANG_WARN_BOOL_CONVERSION = YES;
				CLANG_WARN_CONSTANT_CONVERSION = YES;
				CLANG_WARN_DIRECT_OBJC_ISA_USAGE = YES_ERROR;
				CLANG_WARN_EMPTY_BODY = YES;
				CLANG_WARN_ENUM_CONVERSION = YES;
				CLANG_WARN_INT_CONVERSION = YES;
				CLANG_WARN_OBJC_ROOT_CLASS = YES_ERROR;
				CLANG_WARN_UNREACHABLE_CODE = YES;
				CLANG_WARN__DUPLICATE_METHOD_MATCH = YES;
				"CODE_SIGN_IDENTITY[sdk=iphoneos*]" = "iPhone Developer";
				COPY_PHASE_STRIP = NO;
				DEBUG_INFORMATION_FORMAT = "dwarf-with-dsym";
				ENABLE_NS_ASSERTIONS = NO;
				ENABLE_STRICT_OBJC_MSGSEND = YES;
				GCC_C_LANGUAGE_STANDARD = gnu99;
				GCC_NO_COMMON_BLOCKS = YES;
				GCC_WARN_64_TO_32_BIT_CONVERSION = YES;
				GCC_WARN_ABOUT_RETURN_TYPE = YES_ERROR;
				GCC_WARN_UNDECLARED_SELECTOR = YES;
				GCC_WARN_UNINITIALIZED_AUTOS = YES_AGGRESSIVE;
				GCC_WARN_UNUSED_FUNCTION = YES;
				GCC_WARN_UNUSED_VARIABLE = YES;
				IPHONEOS_DEPLOYMENT_TARGET = 9.3;
				MTL_ENABLE_DEBUG_INFO = NO;
				SDKROOT = iphoneos;
				VALIDATE_PRODUCT = YES;
			};
			name = Release;
		};
		4D35082C1CFF91D20009CB5E /* Debug */ = {
			isa = XCBuildConfiguration;
			baseConfigurationReference = 507FCE44B1E0C293E102EA5B /* Pods.debug.xcconfig */;
			buildSettings = {
				ASSETCATALOG_COMPILER_APPICON_NAME = AppIcon;
				EMBEDDED_CONTENT_CONTAINS_SWIFT = YES;
				GCC_INPUT_FILETYPE = automatic;
				GCC_PRECOMPILE_PREFIX_HEADER = YES;
				GCC_PREFIX_HEADER = "V2EXObjC/Application/V2EXObjC-Prefix.pch";
				INFOPLIST_FILE = "$(SRCROOT)/V2EXObjC/Application/Info.plist";
				IPHONEOS_DEPLOYMENT_TARGET = 8.0;
				LD_RUNPATH_SEARCH_PATHS = "$(inherited) @executable_path/Frameworks";
				PRODUCT_BUNDLE_IDENTIFIER = com.yangli.V2EXObjC;
				PRODUCT_NAME = "$(TARGET_NAME)";
			};
			name = Debug;
		};
		4D35082D1CFF91D20009CB5E /* Release */ = {
			isa = XCBuildConfiguration;
			baseConfigurationReference = A37C89EE6ADD9E9C2FE1073E /* Pods.release.xcconfig */;
			buildSettings = {
				ASSETCATALOG_COMPILER_APPICON_NAME = AppIcon;
				EMBEDDED_CONTENT_CONTAINS_SWIFT = YES;
				GCC_INPUT_FILETYPE = automatic;
				GCC_PRECOMPILE_PREFIX_HEADER = YES;
				GCC_PREFIX_HEADER = "V2EXObjC/Application/V2EXObjC-Prefix.pch";
				INFOPLIST_FILE = "$(SRCROOT)/V2EXObjC/Application/Info.plist";
				IPHONEOS_DEPLOYMENT_TARGET = 8.0;
				LD_RUNPATH_SEARCH_PATHS = "$(inherited) @executable_path/Frameworks";
				PRODUCT_BUNDLE_IDENTIFIER = com.yangli.V2EXObjC;
				PRODUCT_NAME = "$(TARGET_NAME)";
			};
			name = Release;
		};
		4D35082F1CFF91D20009CB5E /* Debug */ = {
			isa = XCBuildConfiguration;
			baseConfigurationReference = 9FE175182ACA1598A0A90A94 /* Pods-V2EXObjCTests.debug.xcconfig */;
			buildSettings = {
				BUNDLE_LOADER = "$(TEST_HOST)";
				INFOPLIST_FILE = V2EXObjCTests/Info.plist;
				LD_RUNPATH_SEARCH_PATHS = "$(inherited) @executable_path/Frameworks @loader_path/Frameworks";
				PRODUCT_BUNDLE_IDENTIFIER = com.yangli.V2EXObjCTests;
				PRODUCT_NAME = "$(TARGET_NAME)";
				TEST_HOST = "$(BUILT_PRODUCTS_DIR)/V2EXObjC.app/V2EXObjC";
			};
			name = Debug;
		};
		4D3508301CFF91D20009CB5E /* Release */ = {
			isa = XCBuildConfiguration;
			baseConfigurationReference = EA28A749A0431E430CE4C252 /* Pods-V2EXObjCTests.release.xcconfig */;
			buildSettings = {
				BUNDLE_LOADER = "$(TEST_HOST)";
				INFOPLIST_FILE = V2EXObjCTests/Info.plist;
				LD_RUNPATH_SEARCH_PATHS = "$(inherited) @executable_path/Frameworks @loader_path/Frameworks";
				PRODUCT_BUNDLE_IDENTIFIER = com.yangli.V2EXObjCTests;
				PRODUCT_NAME = "$(TARGET_NAME)";
				TEST_HOST = "$(BUILT_PRODUCTS_DIR)/V2EXObjC.app/V2EXObjC";
			};
			name = Release;
		};
/* End XCBuildConfiguration section */

/* Begin XCConfigurationList section */
		4D3508041CFF91D20009CB5E /* Build configuration list for PBXProject "V2EXObjC" */ = {
			isa = XCConfigurationList;
			buildConfigurations = (
				4D3508291CFF91D20009CB5E /* Debug */,
				4D35082A1CFF91D20009CB5E /* Release */,
			);
			defaultConfigurationIsVisible = 0;
			defaultConfigurationName = Release;
		};
		4D35082B1CFF91D20009CB5E /* Build configuration list for PBXNativeTarget "V2EXObjC" */ = {
			isa = XCConfigurationList;
			buildConfigurations = (
				4D35082C1CFF91D20009CB5E /* Debug */,
				4D35082D1CFF91D20009CB5E /* Release */,
			);
			defaultConfigurationIsVisible = 0;
			defaultConfigurationName = Release;
		};
		4D35082E1CFF91D20009CB5E /* Build configuration list for PBXNativeTarget "V2EXObjCTests" */ = {
			isa = XCConfigurationList;
			buildConfigurations = (
				4D35082F1CFF91D20009CB5E /* Debug */,
				4D3508301CFF91D20009CB5E /* Release */,
			);
			defaultConfigurationIsVisible = 0;
			defaultConfigurationName = Release;
		};
/* End XCConfigurationList section */
	};
	rootObject = 4D3508011CFF91D20009CB5E /* Project object */;
}
